
Microsoft Visual Studio Solution File, Format Version 12.00
# Visual Studio Version 17
VisualStudioVersion = 17.4.33213.308
MinimumVisualStudioVersion = 10.0.40219.1
Project("{FAE04EC0-301F-11D3-BF4B-00C04F79EFBC}") = "API", "API\API.csproj", "{FC8B5E72-7D84-4FE0-A5ED-176213C85466}"
EndProject
Project("{FAE04EC0-301F-11D3-BF4B-00C04F79EFBC}") = "Web", "Web\Web.csproj", "{CC44F56F-7836-4A06-8D26-28074B71CB80}"
EndProject
Global
	GlobalSection(SolutionConfigurationPlatforms) = preSolution
		Debug|Any CPU = Debug|Any CPU
		Release|Any CPU = Release|Any CPU
	EndGlobalSection
	GlobalSection(ProjectConfigurationPlatforms) = postSolution
		{FC8B5E72-7D84-4FE0-A5ED-176213C85466}.Debug|Any CPU.ActiveCfg = Debug|Any CPU
		{FC8B5E72-7D84-4FE0-A5ED-176213C85466}.Debug|Any CPU.Build.0 = Debug|Any CPU
		{FC8B5E72-7D84-4FE0-A5ED-176213C85466}.Release|Any CPU.ActiveCfg = Release|Any CPU
		{FC8B5E72-7D84-4FE0-A5ED-176213C85466}.Release|Any CPU.Build.0 = Release|Any CPU
		{CC44F56F-7836-4A06-8D26-28074B71CB80}.Debug|Any CPU.ActiveCfg = Debug|Any CPU
		{CC44F56F-7836-4A06-8D26-28074B71CB80}.Debug|Any CPU.Build.0 = Debug|Any CPU
		{CC44F56F-7836-4A06-8D26-28074B71CB80}.Release|Any CPU.ActiveCfg = Release|Any CPU
		{CC44F56F-7836-4A06-8D26-28074B71CB80}.Release|Any CPU.Build.0 = Release|Any CPU
	EndGlobalSection
	GlobalSection(SolutionProperties) = preSolution
		HideSolutionNode = FALSE
	EndGlobalSection
	GlobalSection(ExtensibilityGlobals) = postSolution
		SolutionGuid = {C73FB477-A2C3-4303-BD28-663E4137A381}
	EndGlobalSection
EndGlobal
